// !$*UTF8*$!
{
	archiveVersion = 1;
	classes = {
	};
	objectVersion = 46;
	objects = {

/* Begin PBXBuildFile section */
		05F36AD51E0A98A4000E1A97 /* AppDelegate.swift in Sources */ = {isa = PBXBuildFile; fileRef = 05F36AD41E0A98A4000E1A97 /* AppDelegate.swift */; };
		05F36AD71E0A98A4000E1A97 /* ViewController.swift in Sources */ = {isa = PBXBuildFile; fileRef = 05F36AD61E0A98A4000E1A97 /* ViewController.swift */; };
		05F36ADA1E0A98A4000E1A97 /* Main.storyboard in Resources */ = {isa = PBXBuildFile; fileRef = 05F36AD81E0A98A4000E1A97 /* Main.storyboard */; };
		05F36ADD1E0A98A4000E1A97 /* Socket.xcdatamodeld in Sources */ = {isa = PBXBuildFile; fileRef = 05F36ADB1E0A98A4000E1A97 /* Socket.xcdatamodeld */; };
		05F36ADF1E0A98A4000E1A97 /* Assets.xcassets in Resources */ = {isa = PBXBuildFile; fileRef = 05F36ADE1E0A98A4000E1A97 /* Assets.xcassets */; };
		05F36AE21E0A98A4000E1A97 /* LaunchScreen.storyboard in Resources */ = {isa = PBXBuildFile; fileRef = 05F36AE01E0A98A4000E1A97 /* LaunchScreen.storyboard */; };
		05F36AED1E0A98A4000E1A97 /* SocketTests.swift in Sources */ = {isa = PBXBuildFile; fileRef = 05F36AEC1E0A98A4000E1A97 /* SocketTests.swift */; };
		05F36B161E0A9A01000E1A97 /* AFError.swift in Sources */ = {isa = PBXBuildFile; fileRef = 05F36B041E0A9A01000E1A97 /* AFError.swift */; };
		05F36B171E0A9A01000E1A97 /* Alamofire.swift in Sources */ = {isa = PBXBuildFile; fileRef = 05F36B061E0A9A01000E1A97 /* Alamofire.swift */; };
		05F36B181E0A9A01000E1A97 /* DispatchQueue+Alamofire.swift in Sources */ = {isa = PBXBuildFile; fileRef = 05F36B071E0A9A01000E1A97 /* DispatchQueue+Alamofire.swift */; };
		05F36B191E0A9A01000E1A97 /* MultipartFormData.swift in Sources */ = {isa = PBXBuildFile; fileRef = 05F36B081E0A9A01000E1A97 /* MultipartFormData.swift */; };
		05F36B1A1E0A9A01000E1A97 /* NetworkReachabilityManager.swift in Sources */ = {isa = PBXBuildFile; fileRef = 05F36B091E0A9A01000E1A97 /* NetworkReachabilityManager.swift */; };
		05F36B1B1E0A9A01000E1A97 /* Notifications.swift in Sources */ = {isa = PBXBuildFile; fileRef = 05F36B0A1E0A9A01000E1A97 /* Notifications.swift */; };
		05F36B1C1E0A9A01000E1A97 /* ParameterEncoding.swift in Sources */ = {isa = PBXBuildFile; fileRef = 05F36B0B1E0A9A01000E1A97 /* ParameterEncoding.swift */; };
		05F36B1D1E0A9A01000E1A97 /* Request.swift in Sources */ = {isa = PBXBuildFile; fileRef = 05F36B0C1E0A9A01000E1A97 /* Request.swift */; };
		05F36B1E1E0A9A01000E1A97 /* Response.swift in Sources */ = {isa = PBXBuildFile; fileRef = 05F36B0D1E0A9A01000E1A97 /* Response.swift */; };
		05F36B1F1E0A9A01000E1A97 /* ResponseSerialization.swift in Sources */ = {isa = PBXBuildFile; fileRef = 05F36B0E1E0A9A01000E1A97 /* ResponseSerialization.swift */; };
		05F36B201E0A9A01000E1A97 /* Result.swift in Sources */ = {isa = PBXBuildFile; fileRef = 05F36B0F1E0A9A01000E1A97 /* Result.swift */; };
		05F36B211E0A9A01000E1A97 /* ServerTrustPolicy.swift in Sources */ = {isa = PBXBuildFile; fileRef = 05F36B101E0A9A01000E1A97 /* ServerTrustPolicy.swift */; };
		05F36B221E0A9A01000E1A97 /* SessionDelegate.swift in Sources */ = {isa = PBXBuildFile; fileRef = 05F36B111E0A9A01000E1A97 /* SessionDelegate.swift */; };
		05F36B231E0A9A01000E1A97 /* SessionManager.swift in Sources */ = {isa = PBXBuildFile; fileRef = 05F36B121E0A9A01000E1A97 /* SessionManager.swift */; };
		05F36B241E0A9A01000E1A97 /* TaskDelegate.swift in Sources */ = {isa = PBXBuildFile; fileRef = 05F36B131E0A9A01000E1A97 /* TaskDelegate.swift */; };
		05F36B251E0A9A01000E1A97 /* Timeline.swift in Sources */ = {isa = PBXBuildFile; fileRef = 05F36B141E0A9A01000E1A97 /* Timeline.swift */; };
		05F36B261E0A9A01000E1A97 /* Validation.swift in Sources */ = {isa = PBXBuildFile; fileRef = 05F36B151E0A9A01000E1A97 /* Validation.swift */; };
		05F36B2D1E0A9A31000E1A97 /* Documentation.html in Resources */ = {isa = PBXBuildFile; fileRef = 05F36B281E0A9A31000E1A97 /* Documentation.html */; };
		05F36B2E1E0A9A31000E1A97 /* GCDAsyncSocket.m in Sources */ = {isa = PBXBuildFile; fileRef = 05F36B2A1E0A9A31000E1A97 /* GCDAsyncSocket.m */; };
		05F36B2F1E0A9A31000E1A97 /* GCDAsyncUdpSocket.m in Sources */ = {isa = PBXBuildFile; fileRef = 05F36B2C1E0A9A31000E1A97 /* GCDAsyncUdpSocket.m */; };
		05F36B341E0A9A59000E1A97 /* AsyncSocket.m in Sources */ = {isa = PBXBuildFile; fileRef = 05F36B311E0A9A59000E1A97 /* AsyncSocket.m */; };
		05F36B351E0A9A59000E1A97 /* AsyncUdpSocket.m in Sources */ = {isa = PBXBuildFile; fileRef = 05F36B331E0A9A59000E1A97 /* AsyncUdpSocket.m */; };
		05F36B391E0A9A76000E1A97 /* SQLiteDB.swift in Sources */ = {isa = PBXBuildFile; fileRef = 05F36B361E0A9A76000E1A97 /* SQLiteDB.swift */; };
		05F36B3A1E0A9A76000E1A97 /* SQLTable.swift in Sources */ = {isa = PBXBuildFile; fileRef = 05F36B371E0A9A76000E1A97 /* SQLTable.swift */; };
		05F36B3B1E0A9A76000E1A97 /* String-Extras.swift in Sources */ = {isa = PBXBuildFile; fileRef = 05F36B381E0A9A76000E1A97 /* String-Extras.swift */; };
		05F36B3E1E0A9A8A000E1A97 /* MBProgressHUD.m in Sources */ = {isa = PBXBuildFile; fileRef = 05F36B3D1E0A9A8A000E1A97 /* MBProgressHUD.m */; };
		05F36B411E0A9AC4000E1A97 /* libsqlite3.0.tbd in Frameworks */ = {isa = PBXBuildFile; fileRef = 05F36B401E0A9AC4000E1A97 /* libsqlite3.0.tbd */; };
		05F36B431E0A9AF5000E1A97 /* CommonAPI.swift in Sources */ = {isa = PBXBuildFile; fileRef = 05F36B421E0A9AF5000E1A97 /* CommonAPI.swift */; };
		05F36B451E0A9B0A000E1A97 /* TcpAPI.swift in Sources */ = {isa = PBXBuildFile; fileRef = 05F36B441E0A9B0A000E1A97 /* TcpAPI.swift */; };
		05F36B471E0A9B19000E1A97 /* NetWorkAPI.swift in Sources */ = {isa = PBXBuildFile; fileRef = 05F36B461E0A9B19000E1A97 /* NetWorkAPI.swift */; };
		05F36B491E0A9B24000E1A97 /* LogAPI.swift in Sources */ = {isa = PBXBuildFile; fileRef = 05F36B481E0A9B24000E1A97 /* LogAPI.swift */; };
		05F36B4B1E0A9BCC000E1A97 /* GloablConstant.swift in Sources */ = {isa = PBXBuildFile; fileRef = 05F36B4A1E0A9BCC000E1A97 /* GloablConstant.swift */; };
		05F36B4F1E0A9BE0000E1A97 /* TcpHandler.swift in Sources */ = {isa = PBXBuildFile; fileRef = 05F36B4E1E0A9BE0000E1A97 /* TcpHandler.swift */; };
		05F36B551E0AB581000E1A97 /* HttpHandler.swift in Sources */ = {isa = PBXBuildFile; fileRef = 05F36B541E0AB581000E1A97 /* HttpHandler.swift */; };
/* End PBXBuildFile section */

/* Begin PBXContainerItemProxy section */
		05F36AE91E0A98A4000E1A97 /* PBXContainerItemProxy */ = {
			isa = PBXContainerItemProxy;
			containerPortal = 05F36AC91E0A98A4000E1A97 /* Project object */;
			proxyType = 1;
			remoteGlobalIDString = 05F36AD01E0A98A4000E1A97;
			remoteInfo = Socket;
		};
/* End PBXContainerItemProxy section */

/* Begin PBXFileReference section */
		05F36AD11E0A98A4000E1A97 /* Socket.app */ = {isa = PBXFileReference; explicitFileType = wrapper.application; includeInIndex = 0; path = Socket.app; sourceTree = BUILT_PRODUCTS_DIR; };
		05F36AD41E0A98A4000E1A97 /* AppDelegate.swift */ = {isa = PBXFileReference; lastKnownFileType = sourcecode.swift; path = AppDelegate.swift; sourceTree = "<group>"; };
		05F36AD61E0A98A4000E1A97 /* ViewController.swift */ = {isa = PBXFileReference; lastKnownFileType = sourcecode.swift; path = ViewController.swift; sourceTree = "<group>"; };
		05F36AD91E0A98A4000E1A97 /* Base */ = {isa = PBXFileReference; lastKnownFileType = file.storyboard; name = Base; path = Base.lproj/Main.storyboard; sourceTree = "<group>"; };
		05F36ADC1E0A98A4000E1A97 /* Socket.xcdatamodel */ = {isa = PBXFileReference; lastKnownFileType = wrapper.xcdatamodel; path = Socket.xcdatamodel; sourceTree = "<group>"; };
		05F36ADE1E0A98A4000E1A97 /* Assets.xcassets */ = {isa = PBXFileReference; lastKnownFileType = folder.assetcatalog; path = Assets.xcassets; sourceTree = "<group>"; };
		05F36AE11E0A98A4000E1A97 /* Base */ = {isa = PBXFileReference; lastKnownFileType = file.storyboard; name = Base; path = Base.lproj/LaunchScreen.storyboard; sourceTree = "<group>"; };
		05F36AE31E0A98A4000E1A97 /* Info.plist */ = {isa = PBXFileReference; lastKnownFileType = text.plist.xml; path = Info.plist; sourceTree = "<group>"; };
		05F36AE81E0A98A4000E1A97 /* SocketTests.xctest */ = {isa = PBXFileReference; explicitFileType = wrapper.cfbundle; includeInIndex = 0; path = SocketTests.xctest; sourceTree = BUILT_PRODUCTS_DIR; };
		05F36AEC1E0A98A4000E1A97 /* SocketTests.swift */ = {isa = PBXFileReference; lastKnownFileType = sourcecode.swift; path = SocketTests.swift; sourceTree = "<group>"; };
		05F36AEE1E0A98A4000E1A97 /* Info.plist */ = {isa = PBXFileReference; lastKnownFileType = text.plist.xml; path = Info.plist; sourceTree = "<group>"; };
		05F36B041E0A9A01000E1A97 /* AFError.swift */ = {isa = PBXFileReference; fileEncoding = 4; lastKnownFileType = sourcecode.swift; path = AFError.swift; sourceTree = "<group>"; };
		05F36B051E0A9A01000E1A97 /* Alamofire.h */ = {isa = PBXFileReference; fileEncoding = 4; lastKnownFileType = sourcecode.c.h; path = Alamofire.h; sourceTree = "<group>"; };
		05F36B061E0A9A01000E1A97 /* Alamofire.swift */ = {isa = PBXFileReference; fileEncoding = 4; lastKnownFileType = sourcecode.swift; path = Alamofire.swift; sourceTree = "<group>"; };
		05F36B071E0A9A01000E1A97 /* DispatchQueue+Alamofire.swift */ = {isa = PBXFileReference; fileEncoding = 4; lastKnownFileType = sourcecode.swift; path = "DispatchQueue+Alamofire.swift"; sourceTree = "<group>"; };
		05F36B081E0A9A01000E1A97 /* MultipartFormData.swift */ = {isa = PBXFileReference; fileEncoding = 4; lastKnownFileType = sourcecode.swift; path = MultipartFormData.swift; sourceTree = "<group>"; };
		05F36B091E0A9A01000E1A97 /* NetworkReachabilityManager.swift */ = {isa = PBXFileReference; fileEncoding = 4; lastKnownFileType = sourcecode.swift; path = NetworkReachabilityManager.swift; sourceTree = "<group>"; };
		05F36B0A1E0A9A01000E1A97 /* Notifications.swift */ = {isa = PBXFileReference; fileEncoding = 4; lastKnownFileType = sourcecode.swift; path = Notifications.swift; sourceTree = "<group>"; };
		05F36B0B1E0A9A01000E1A97 /* ParameterEncoding.swift */ = {isa = PBXFileReference; fileEncoding = 4; lastKnownFileType = sourcecode.swift; path = ParameterEncoding.swift; sourceTree = "<group>"; };
		05F36B0C1E0A9A01000E1A97 /* Request.swift */ = {isa = PBXFileReference; fileEncoding = 4; lastKnownFileType = sourcecode.swift; path = Request.swift; sourceTree = "<group>"; };
		05F36B0D1E0A9A01000E1A97 /* Response.swift */ = {isa = PBXFileReference; fileEncoding = 4; lastKnownFileType = sourcecode.swift; path = Response.swift; sourceTree = "<group>"; };
		05F36B0E1E0A9A01000E1A97 /* ResponseSerialization.swift */ = {isa = PBXFileReference; fileEncoding = 4; lastKnownFileType = sourcecode.swift; path = ResponseSerialization.swift; sourceTree = "<group>"; };
		05F36B0F1E0A9A01000E1A97 /* Result.swift */ = {isa = PBXFileReference; fileEncoding = 4; lastKnownFileType = sourcecode.swift; path = Result.swift; sourceTree = "<group>"; };
		05F36B101E0A9A01000E1A97 /* ServerTrustPolicy.swift */ = {isa = PBXFileReference; fileEncoding = 4; lastKnownFileType = sourcecode.swift; path = ServerTrustPolicy.swift; sourceTree = "<group>"; };
		05F36B111E0A9A01000E1A97 /* SessionDelegate.swift */ = {isa = PBXFileReference; fileEncoding = 4; lastKnownFileType = sourcecode.swift; path = SessionDelegate.swift; sourceTree = "<group>"; };
		05F36B121E0A9A01000E1A97 /* SessionManager.swift */ = {isa = PBXFileReference; fileEncoding = 4; lastKnownFileType = sourcecode.swift; path = SessionManager.swift; sourceTree = "<group>"; };
		05F36B131E0A9A01000E1A97 /* TaskDelegate.swift */ = {isa = PBXFileReference; fileEncoding = 4; lastKnownFileType = sourcecode.swift; path = TaskDelegate.swift; sourceTree = "<group>"; };
		05F36B141E0A9A01000E1A97 /* Timeline.swift */ = {isa = PBXFileReference; fileEncoding = 4; lastKnownFileType = sourcecode.swift; path = Timeline.swift; sourceTree = "<group>"; };
		05F36B151E0A9A01000E1A97 /* Validation.swift */ = {isa = PBXFileReference; fileEncoding = 4; lastKnownFileType = sourcecode.swift; path = Validation.swift; sourceTree = "<group>"; };
		05F36B271E0A9A30000E1A97 /* Socket-Bridging-Header.h */ = {isa = PBXFileReference; lastKnownFileType = sourcecode.c.h; path = "Socket-Bridging-Header.h"; sourceTree = "<group>"; };
		05F36B281E0A9A31000E1A97 /* Documentation.html */ = {isa = PBXFileReference; fileEncoding = 4; lastKnownFileType = text.html; path = Documentation.html; sourceTree = "<group>"; };
		05F36B291E0A9A31000E1A97 /* GCDAsyncSocket.h */ = {isa = PBXFileReference; fileEncoding = 4; lastKnownFileType = sourcecode.c.h; path = GCDAsyncSocket.h; sourceTree = "<group>"; };
		05F36B2A1E0A9A31000E1A97 /* GCDAsyncSocket.m */ = {isa = PBXFileReference; fileEncoding = 4; lastKnownFileType = sourcecode.c.objc; path = GCDAsyncSocket.m; sourceTree = "<group>"; };
		05F36B2B1E0A9A31000E1A97 /* GCDAsyncUdpSocket.h */ = {isa = PBXFileReference; fileEncoding = 4; lastKnownFileType = sourcecode.c.h; path = GCDAsyncUdpSocket.h; sourceTree = "<group>"; };
		05F36B2C1E0A9A31000E1A97 /* GCDAsyncUdpSocket.m */ = {isa = PBXFileReference; fileEncoding = 4; lastKnownFileType = sourcecode.c.objc; path = GCDAsyncUdpSocket.m; sourceTree = "<group>"; };
		05F36B301E0A9A59000E1A97 /* AsyncSocket.h */ = {isa = PBXFileReference; fileEncoding = 4; lastKnownFileType = sourcecode.c.h; path = AsyncSocket.h; sourceTree = "<group>"; };
		05F36B311E0A9A59000E1A97 /* AsyncSocket.m */ = {isa = PBXFileReference; fileEncoding = 4; lastKnownFileType = sourcecode.c.objc; path = AsyncSocket.m; sourceTree = "<group>"; };
		05F36B321E0A9A59000E1A97 /* AsyncUdpSocket.h */ = {isa = PBXFileReference; fileEncoding = 4; lastKnownFileType = sourcecode.c.h; path = AsyncUdpSocket.h; sourceTree = "<group>"; };
		05F36B331E0A9A59000E1A97 /* AsyncUdpSocket.m */ = {isa = PBXFileReference; fileEncoding = 4; lastKnownFileType = sourcecode.c.objc; path = AsyncUdpSocket.m; sourceTree = "<group>"; };
		05F36B361E0A9A76000E1A97 /* SQLiteDB.swift */ = {isa = PBXFileReference; fileEncoding = 4; lastKnownFileType = sourcecode.swift; path = SQLiteDB.swift; sourceTree = "<group>"; };
		05F36B371E0A9A76000E1A97 /* SQLTable.swift */ = {isa = PBXFileReference; fileEncoding = 4; lastKnownFileType = sourcecode.swift; path = SQLTable.swift; sourceTree = "<group>"; };
		05F36B381E0A9A76000E1A97 /* String-Extras.swift */ = {isa = PBXFileReference; fileEncoding = 4; lastKnownFileType = sourcecode.swift; path = "String-Extras.swift"; sourceTree = "<group>"; };
		05F36B3C1E0A9A8A000E1A97 /* MBProgressHUD.h */ = {isa = PBXFileReference; fileEncoding = 4; lastKnownFileType = sourcecode.c.h; path = MBProgressHUD.h; sourceTree = "<group>"; };
		05F36B3D1E0A9A8A000E1A97 /* MBProgressHUD.m */ = {isa = PBXFileReference; fileEncoding = 4; lastKnownFileType = sourcecode.c.objc; path = MBProgressHUD.m; sourceTree = "<group>"; };
		05F36B401E0A9AC4000E1A97 /* libsqlite3.0.tbd */ = {isa = PBXFileReference; lastKnownFileType = "sourcecode.text-based-dylib-definition"; name = libsqlite3.0.tbd; path = usr/lib/libsqlite3.0.tbd; sourceTree = SDKROOT; };
		05F36B421E0A9AF5000E1A97 /* CommonAPI.swift */ = {isa = PBXFileReference; fileEncoding = 4; lastKnownFileType = sourcecode.swift; path = CommonAPI.swift; sourceTree = "<group>"; };
		05F36B441E0A9B0A000E1A97 /* TcpAPI.swift */ = {isa = PBXFileReference; fileEncoding = 4; lastKnownFileType = sourcecode.swift; path = TcpAPI.swift; sourceTree = "<group>"; };
		05F36B461E0A9B19000E1A97 /* NetWorkAPI.swift */ = {isa = PBXFileReference; fileEncoding = 4; lastKnownFileType = sourcecode.swift; path = NetWorkAPI.swift; sourceTree = "<group>"; };
		05F36B481E0A9B24000E1A97 /* LogAPI.swift */ = {isa = PBXFileReference; fileEncoding = 4; lastKnownFileType = sourcecode.swift; path = LogAPI.swift; sourceTree = "<group>"; };
		05F36B4A1E0A9BCC000E1A97 /* GloablConstant.swift */ = {isa = PBXFileReference; fileEncoding = 4; lastKnownFileType = sourcecode.swift; path = GloablConstant.swift; sourceTree = "<group>"; };
		05F36B4E1E0A9BE0000E1A97 /* TcpHandler.swift */ = {isa = PBXFileReference; fileEncoding = 4; lastKnownFileType = sourcecode.swift; path = TcpHandler.swift; sourceTree = "<group>"; };
		05F36B541E0AB581000E1A97 /* HttpHandler.swift */ = {isa = PBXFileReference; fileEncoding = 4; lastKnownFileType = sourcecode.swift; path = HttpHandler.swift; sourceTree = "<group>"; };
/* End PBXFileReference section */

/* Begin PBXFrameworksBuildPhase section */
		05F36ACE1E0A98A4000E1A97 /* Frameworks */ = {
			isa = PBXFrameworksBuildPhase;
			buildActionMask = 2147483647;
			files = (
				05F36B411E0A9AC4000E1A97 /* libsqlite3.0.tbd in Frameworks */,
			);
			runOnlyForDeploymentPostprocessing = 0;
		};
		05F36AE51E0A98A4000E1A97 /* Frameworks */ = {
			isa = PBXFrameworksBuildPhase;
			buildActionMask = 2147483647;
			files = (
			);
			runOnlyForDeploymentPostprocessing = 0;
		};
/* End PBXFrameworksBuildPhase section */

/* Begin PBXGroup section */
		05F36AC81E0A98A4000E1A97 = {
			isa = PBXGroup;
			children = (
				05F36AD31E0A98A4000E1A97 /* Socket */,
				05F36AEB1E0A98A4000E1A97 /* SocketTests */,
				05F36AD21E0A98A4000E1A97 /* Products */,
				05F36B3F1E0A9AC4000E1A97 /* Frameworks */,
			);
			sourceTree = "<group>";
		};
		05F36AD21E0A98A4000E1A97 /* Products */ = {
			isa = PBXGroup;
			children = (
				05F36AD11E0A98A4000E1A97 /* Socket.app */,
				05F36AE81E0A98A4000E1A97 /* SocketTests.xctest */,
			);
			name = Products;
			sourceTree = "<group>";
		};
		05F36AD31E0A98A4000E1A97 /* Socket */ = {
			isa = PBXGroup;
			children = (
				05F36AD41E0A98A4000E1A97 /* AppDelegate.swift */,
				05F36AF71E0A98B5000E1A97 /* Resources */,
				05F36AF81E0A98BF000E1A97 /* Controllers */,
				05F36AFA1E0A98CD000E1A97 /* Models */,
				05F36AF91E0A98C6000E1A97 /* Views */,
				05F36AFC1E0A98DC000E1A97 /* UntilTools */,
				05F36AFB1E0A98D5000E1A97 /* Vender */,
			);
			path = Socket;
			sourceTree = "<group>";
		};
		05F36AEB1E0A98A4000E1A97 /* SocketTests */ = {
			isa = PBXGroup;
			children = (
				05F36AEC1E0A98A4000E1A97 /* SocketTests.swift */,
				05F36AEE1E0A98A4000E1A97 /* Info.plist */,
			);
			path = SocketTests;
			sourceTree = "<group>";
		};
		05F36AF71E0A98B5000E1A97 /* Resources */ = {
			isa = PBXGroup;
			children = (
				05F36ADE1E0A98A4000E1A97 /* Assets.xcassets */,
				05F36AD81E0A98A4000E1A97 /* Main.storyboard */,
				05F36AE01E0A98A4000E1A97 /* LaunchScreen.storyboard */,
				05F36AE31E0A98A4000E1A97 /* Info.plist */,
				05F36ADB1E0A98A4000E1A97 /* Socket.xcdatamodeld */,
			);
			name = Resources;
			sourceTree = "<group>";
		};
		05F36AF81E0A98BF000E1A97 /* Controllers */ = {
			isa = PBXGroup;
			children = (
				05F36AD61E0A98A4000E1A97 /* ViewController.swift */,
			);
			name = Controllers;
			sourceTree = "<group>";
		};
		05F36AF91E0A98C6000E1A97 /* Views */ = {
			isa = PBXGroup;
			children = (
			);
			name = Views;
			sourceTree = "<group>";
		};
		05F36AFA1E0A98CD000E1A97 /* Models */ = {
			isa = PBXGroup;
			children = (
			);
			name = Models;
			sourceTree = "<group>";
		};
		05F36AFB1E0A98D5000E1A97 /* Vender */ = {
			isa = PBXGroup;
			children = (
				05F36B031E0A9997000E1A97 /* Alamofire */,
				05F36B021E0A9991000E1A97 /* GCD */,
				05F36B011E0A997D000E1A97 /* RunLoop */,
				05F36B001E0A9974000E1A97 /* SqliteDB */,
				05F36AFF1E0A9965000E1A97 /* MBProgressHUD */,
			);
			name = Vender;
			sourceTree = "<group>";
		};
		05F36AFC1E0A98DC000E1A97 /* UntilTools */ = {
			isa = PBXGroup;
			children = (
				05F36AFD1E0A9952000E1A97 /* Api */,
				05F36AFE1E0A9958000E1A97 /* Extension */,
			);
			name = UntilTools;
			sourceTree = "<group>";
		};
		05F36AFD1E0A9952000E1A97 /* Api */ = {
			isa = PBXGroup;
			children = (
				05F36B421E0A9AF5000E1A97 /* CommonAPI.swift */,
				05F36B441E0A9B0A000E1A97 /* TcpAPI.swift */,
				05F36B461E0A9B19000E1A97 /* NetWorkAPI.swift */,
				05F36B481E0A9B24000E1A97 /* LogAPI.swift */,
			);
			name = Api;
			sourceTree = "<group>";
		};
		05F36AFE1E0A9958000E1A97 /* Extension */ = {
			isa = PBXGroup;
			children = (
				05F36B271E0A9A30000E1A97 /* Socket-Bridging-Header.h */,
				05F36B4A1E0A9BCC000E1A97 /* GloablConstant.swift */,
				05F36B4E1E0A9BE0000E1A97 /* TcpHandler.swift */,
				05F36B541E0AB581000E1A97 /* HttpHandler.swift */,
			);
			name = Extension;
			sourceTree = "<group>";
		};
		05F36AFF1E0A9965000E1A97 /* MBProgressHUD */ = {
			isa = PBXGroup;
			children = (
				05F36B3C1E0A9A8A000E1A97 /* MBProgressHUD.h */,
				05F36B3D1E0A9A8A000E1A97 /* MBProgressHUD.m */,
			);
			name = MBProgressHUD;
			sourceTree = "<group>";
		};
		05F36B001E0A9974000E1A97 /* SqliteDB */ = {
			isa = PBXGroup;
			children = (
				05F36B361E0A9A76000E1A97 /* SQLiteDB.swift */,
				05F36B371E0A9A76000E1A97 /* SQLTable.swift */,
				05F36B381E0A9A76000E1A97 /* String-Extras.swift */,
			);
			name = SqliteDB;
			sourceTree = "<group>";
		};
		05F36B011E0A997D000E1A97 /* RunLoop */ = {
			isa = PBXGroup;
			children = (
				05F36B301E0A9A59000E1A97 /* AsyncSocket.h */,
				05F36B311E0A9A59000E1A97 /* AsyncSocket.m */,
				05F36B321E0A9A59000E1A97 /* AsyncUdpSocket.h */,
				05F36B331E0A9A59000E1A97 /* AsyncUdpSocket.m */,
			);
			name = RunLoop;
			sourceTree = "<group>";
		};
		05F36B021E0A9991000E1A97 /* GCD */ = {
			isa = PBXGroup;
			children = (
				05F36B281E0A9A31000E1A97 /* Documentation.html */,
				05F36B291E0A9A31000E1A97 /* GCDAsyncSocket.h */,
				05F36B2A1E0A9A31000E1A97 /* GCDAsyncSocket.m */,
				05F36B2B1E0A9A31000E1A97 /* GCDAsyncUdpSocket.h */,
				05F36B2C1E0A9A31000E1A97 /* GCDAsyncUdpSocket.m */,
			);
			name = GCD;
			sourceTree = "<group>";
		};
		05F36B031E0A9997000E1A97 /* Alamofire */ = {
			isa = PBXGroup;
			children = (
				05F36B041E0A9A01000E1A97 /* AFError.swift */,
				05F36B051E0A9A01000E1A97 /* Alamofire.h */,
				05F36B061E0A9A01000E1A97 /* Alamofire.swift */,
				05F36B071E0A9A01000E1A97 /* DispatchQueue+Alamofire.swift */,
				05F36B081E0A9A01000E1A97 /* MultipartFormData.swift */,
				05F36B091E0A9A01000E1A97 /* NetworkReachabilityManager.swift */,
				05F36B0A1E0A9A01000E1A97 /* Notifications.swift */,
				05F36B0B1E0A9A01000E1A97 /* ParameterEncoding.swift */,
				05F36B0C1E0A9A01000E1A97 /* Request.swift */,
				05F36B0D1E0A9A01000E1A97 /* Response.swift */,
				05F36B0E1E0A9A01000E1A97 /* ResponseSerialization.swift */,
				05F36B0F1E0A9A01000E1A97 /* Result.swift */,
				05F36B101E0A9A01000E1A97 /* ServerTrustPolicy.swift */,
				05F36B111E0A9A01000E1A97 /* SessionDelegate.swift */,
				05F36B121E0A9A01000E1A97 /* SessionManager.swift */,
				05F36B131E0A9A01000E1A97 /* TaskDelegate.swift */,
				05F36B141E0A9A01000E1A97 /* Timeline.swift */,
				05F36B151E0A9A01000E1A97 /* Validation.swift */,
			);
			name = Alamofire;
			sourceTree = "<group>";
		};
		05F36B3F1E0A9AC4000E1A97 /* Frameworks */ = {
			isa = PBXGroup;
			children = (
				05F36B401E0A9AC4000E1A97 /* libsqlite3.0.tbd */,
			);
			name = Frameworks;
			sourceTree = "<group>";
		};
/* End PBXGroup section */

/* Begin PBXNativeTarget section */
		05F36AD01E0A98A4000E1A97 /* Socket */ = {
			isa = PBXNativeTarget;
			buildConfigurationList = 05F36AF11E0A98A4000E1A97 /* Build configuration list for PBXNativeTarget "Socket" */;
			buildPhases = (
				05F36ACD1E0A98A4000E1A97 /* Sources */,
				05F36ACE1E0A98A4000E1A97 /* Frameworks */,
				05F36ACF1E0A98A4000E1A97 /* Resources */,
			);
			buildRules = (
			);
			dependencies = (
			);
			name = Socket;
			productName = Socket;
			productReference = 05F36AD11E0A98A4000E1A97 /* Socket.app */;
			productType = "com.apple.product-type.application";
		};
		05F36AE71E0A98A4000E1A97 /* SocketTests */ = {
			isa = PBXNativeTarget;
			buildConfigurationList = 05F36AF41E0A98A4000E1A97 /* Build configuration list for PBXNativeTarget "SocketTests" */;
			buildPhases = (
				05F36AE41E0A98A4000E1A97 /* Sources */,
				05F36AE51E0A98A4000E1A97 /* Frameworks */,
				05F36AE61E0A98A4000E1A97 /* Resources */,
			);
			buildRules = (
			);
			dependencies = (
				05F36AEA1E0A98A4000E1A97 /* PBXTargetDependency */,
			);
			name = SocketTests;
			productName = SocketTests;
			productReference = 05F36AE81E0A98A4000E1A97 /* SocketTests.xctest */;
			productType = "com.apple.product-type.bundle.unit-test";
		};
/* End PBXNativeTarget section */

/* Begin PBXProject section */
		05F36AC91E0A98A4000E1A97 /* Project object */ = {
			isa = PBXProject;
			attributes = {
				LastSwiftUpdateCheck = 0800;
				LastUpgradeCheck = 0800;
				ORGANIZATIONNAME = Lyndon;
				TargetAttributes = {
					05F36AD01E0A98A4000E1A97 = {
						CreatedOnToolsVersion = 8.0;
						LastSwiftMigration = 0800;
						ProvisioningStyle = Automatic;
					};
					05F36AE71E0A98A4000E1A97 = {
						CreatedOnToolsVersion = 8.0;
						ProvisioningStyle = Automatic;
						TestTargetID = 05F36AD01E0A98A4000E1A97;
					};
				};
			};
			buildConfigurationList = 05F36ACC1E0A98A4000E1A97 /* Build configuration list for PBXProject "Socket" */;
			compatibilityVersion = "Xcode 3.2";
			developmentRegion = English;
			hasScannedForEncodings = 0;
			knownRegions = (
				en,
				Base,
			);
			mainGroup = 05F36AC81E0A98A4000E1A97;
			productRefGroup = 05F36AD21E0A98A4000E1A97 /* Products */;
			projectDirPath = "";
			projectRoot = "";
			targets = (
				05F36AD01E0A98A4000E1A97 /* Socket */,
				05F36AE71E0A98A4000E1A97 /* SocketTests */,
			);
		};
/* End PBXProject section */

/* Begin PBXResourcesBuildPhase section */
		05F36ACF1E0A98A4000E1A97 /* Resources */ = {
			isa = PBXResourcesBuildPhase;
			buildActionMask = 2147483647;
			files = (
				05F36AE21E0A98A4000E1A97 /* LaunchScreen.storyboard in Resources */,
				05F36ADF1E0A98A4000E1A97 /* Assets.xcassets in Resources */,
				05F36ADA1E0A98A4000E1A97 /* Main.storyboard in Resources */,
				05F36B2D1E0A9A31000E1A97 /* Documentation.html in Resources */,
			);
			runOnlyForDeploymentPostprocessing = 0;
		};
		05F36AE61E0A98A4000E1A97 /* Resources */ = {
			isa = PBXResourcesBuildPhase;
			buildActionMask = 2147483647;
			files = (
			);
			runOnlyForDeploymentPostprocessing = 0;
		};
/* End PBXResourcesBuildPhase section */

/* Begin PBXSourcesBuildPhase section */
		05F36ACD1E0A98A4000E1A97 /* Sources */ = {
			isa = PBXSourcesBuildPhase;
			buildActionMask = 2147483647;
			files = (
				05F36B181E0A9A01000E1A97 /* DispatchQueue+Alamofire.swift in Sources */,
				05F36AD71E0A98A4000E1A97 /* ViewController.swift in Sources */,
				05F36B1C1E0A9A01000E1A97 /* ParameterEncoding.swift in Sources */,
				05F36B491E0A9B24000E1A97 /* LogAPI.swift in Sources */,
				05F36B351E0A9A59000E1A97 /* AsyncUdpSocket.m in Sources */,
				05F36B3B1E0A9A76000E1A97 /* String-Extras.swift in Sources */,
				05F36B1A1E0A9A01000E1A97 /* NetworkReachabilityManager.swift in Sources */,
				05F36B201E0A9A01000E1A97 /* Result.swift in Sources */,
				05F36B341E0A9A59000E1A97 /* AsyncSocket.m in Sources */,
				05F36B1E1E0A9A01000E1A97 /* Response.swift in Sources */,
				05F36B1D1E0A9A01000E1A97 /* Request.swift in Sources */,
				05F36B471E0A9B19000E1A97 /* NetWorkAPI.swift in Sources */,
				05F36B451E0A9B0A000E1A97 /* TcpAPI.swift in Sources */,
				05F36B4F1E0A9BE0000E1A97 /* TcpHandler.swift in Sources */,
				05F36B1B1E0A9A01000E1A97 /* Notifications.swift in Sources */,
				05F36B551E0AB581000E1A97 /* HttpHandler.swift in Sources */,
				05F36B191E0A9A01000E1A97 /* MultipartFormData.swift in Sources */,
				05F36B171E0A9A01000E1A97 /* Alamofire.swift in Sources */,
				05F36B161E0A9A01000E1A97 /* AFError.swift in Sources */,
				05F36ADD1E0A98A4000E1A97 /* Socket.xcdatamodeld in Sources */,
				05F36B2F1E0A9A31000E1A97 /* GCDAsyncUdpSocket.m in Sources */,
				05F36B2E1E0A9A31000E1A97 /* GCDAsyncSocket.m in Sources */,
				05F36B431E0A9AF5000E1A97 /* CommonAPI.swift in Sources */,
				05F36B251E0A9A01000E1A97 /* Timeline.swift in Sources */,
				05F36B391E0A9A76000E1A97 /* SQLiteDB.swift in Sources */,
				05F36B211E0A9A01000E1A97 /* ServerTrustPolicy.swift in Sources */,
				05F36B241E0A9A01000E1A97 /* TaskDelegate.swift in Sources */,
				05F36B1F1E0A9A01000E1A97 /* ResponseSerialization.swift in Sources */,
				05F36AD51E0A98A4000E1A97 /* AppDelegate.swift in Sources */,
				05F36B221E0A9A01000E1A97 /* SessionDelegate.swift in Sources */,
				05F36B261E0A9A01000E1A97 /* Validation.swift in Sources */,
				05F36B4B1E0A9BCC000E1A97 /* GloablConstant.swift in Sources */,
				05F36B231E0A9A01000E1A97 /* SessionManager.swift in Sources */,
				05F36B3A1E0A9A76000E1A97 /* SQLTable.swift in Sources */,
				05F36B3E1E0A9A8A000E1A97 /* MBProgressHUD.m in Sources */,
			);
			runOnlyForDeploymentPostprocessing = 0;
		};
		05F36AE41E0A98A4000E1A97 /* Sources */ = {
			isa = PBXSourcesBuildPhase;
			buildActionMask = 2147483647;
			files = (
				05F36AED1E0A98A4000E1A97 /* SocketTests.swift in Sources */,
			);
			runOnlyForDeploymentPostprocessing = 0;
		};
/* End PBXSourcesBuildPhase section */

/* Begin PBXTargetDependency section */
		05F36AEA1E0A98A4000E1A97 /* PBXTargetDependency */ = {
			isa = PBXTargetDependency;
			target = 05F36AD01E0A98A4000E1A97 /* Socket */;
			targetProxy = 05F36AE91E0A98A4000E1A97 /* PBXContainerItemProxy */;
		};
/* End PBXTargetDependency section */

/* Begin PBXVariantGroup section */
		05F36AD81E0A98A4000E1A97 /* Main.storyboard */ = {
			isa = PBXVariantGroup;
			children = (
				05F36AD91E0A98A4000E1A97 /* Base */,
			);
			name = Main.storyboard;
			sourceTree = "<group>";
		};
		05F36AE01E0A98A4000E1A97 /* LaunchScreen.storyboard */ = {
			isa = PBXVariantGroup;
			children = (
				05F36AE11E0A98A4000E1A97 /* Base */,
			);
			name = LaunchScreen.storyboard;
			sourceTree = "<group>";
		};
/* End PBXVariantGroup section */

/* Begin XCBuildConfiguration section */
		05F36AEF1E0A98A4000E1A97 /* Debug */ = {
			isa = XCBuildConfiguration;
			buildSettings = {
				ALWAYS_SEARCH_USER_PATHS = NO;
				CLANG_ANALYZER_NONNULL = YES;
				CLANG_CXX_LANGUAGE_STANDARD = "gnu++0x";
				CLANG_CXX_LIBRARY = "libc++";
				CLANG_ENABLE_MODULES = YES;
				CLANG_ENABLE_OBJC_ARC = YES;
				CLANG_WARN_BOOL_CONVERSION = YES;
				CLANG_WARN_CONSTANT_CONVERSION = YES;
				CLANG_WARN_DIRECT_OBJC_ISA_USAGE = YES_ERROR;
				CLANG_WARN_DOCUMENTATION_COMMENTS = YES;
				CLANG_WARN_EMPTY_BODY = YES;
				CLANG_WARN_ENUM_CONVERSION = YES;
				CLANG_WARN_INFINITE_RECURSION = YES;
				CLANG_WARN_INT_CONVERSION = YES;
				CLANG_WARN_OBJC_ROOT_CLASS = YES_ERROR;
				CLANG_WARN_SUSPICIOUS_MOVES = YES;
				CLANG_WARN_UNREACHABLE_CODE = YES;
				CLANG_WARN__DUPLICATE_METHOD_MATCH = YES;
				"CODE_SIGN_IDENTITY[sdk=iphoneos*]" = "iPhone Developer";
				COPY_PHASE_STRIP = NO;
				DEBUG_INFORMATION_FORMAT = dwarf;
				ENABLE_STRICT_OBJC_MSGSEND = YES;
				ENABLE_TESTABILITY = YES;
				GCC_C_LANGUAGE_STANDARD = gnu99;
				GCC_DYNAMIC_NO_PIC = NO;
				GCC_NO_COMMON_BLOCKS = YES;
				GCC_OPTIMIZATION_LEVEL = 0;
				GCC_PREPROCESSOR_DEFINITIONS = (
					"DEBUG=1",
					"$(inherited)",
				);
				GCC_WARN_64_TO_32_BIT_CONVERSION = YES;
				GCC_WARN_ABOUT_RETURN_TYPE = YES_ERROR;
				GCC_WARN_UNDECLARED_SELECTOR = YES;
				GCC_WARN_UNINITIALIZED_AUTOS = YES_AGGRESSIVE;
				GCC_WARN_UNUSED_FUNCTION = YES;
				GCC_WARN_UNUSED_VARIABLE = YES;
				IPHONEOS_DEPLOYMENT_TARGET = 10.0;
				MTL_ENABLE_DEBUG_INFO = YES;
				ONLY_ACTIVE_ARCH = YES;
				SDKROOT = iphoneos;
				SWIFT_ACTIVE_COMPILATION_CONDITIONS = DEBUG;
				SWIFT_OPTIMIZATION_LEVEL = "-Onone";
				TARGETED_DEVICE_FAMILY = "1,2";
			};
			name = Debug;
		};
		05F36AF01E0A98A4000E1A97 /* Release */ = {
			isa = XCBuildConfiguration;
			buildSettings = {
				ALWAYS_SEARCH_USER_PATHS = NO;
				CLANG_ANALYZER_NONNULL = YES;
				CLANG_CXX_LANGUAGE_STANDARD = "gnu++0x";
				CLANG_CXX_LIBRARY = "libc++";
				CLANG_ENABLE_MODULES = YES;
				CLANG_ENABLE_OBJC_ARC = YES;
				CLANG_WARN_BOOL_CONVERSION = YES;
				CLANG_WARN_CONSTANT_CONVERSION = YES;
				CLANG_WARN_DIRECT_OBJC_ISA_USAGE = YES_ERROR;
				CLANG_WARN_DOCUMENTATION_COMMENTS = YES;
				CLANG_WARN_EMPTY_BODY = YES;
				CLANG_WARN_ENUM_CONVERSION = YES;
				CLANG_WARN_INFINITE_RECURSION = YES;
				CLANG_WARN_INT_CONVERSION = YES;
				CLANG_WARN_OBJC_ROOT_CLASS = YES_ERROR;
				CLANG_WARN_SUSPICIOUS_MOVES = YES;
				CLANG_WARN_UNREACHABLE_CODE = YES;
				CLANG_WARN__DUPLICATE_METHOD_MATCH = YES;
				"CODE_SIGN_IDENTITY[sdk=iphoneos*]" = "iPhone Developer";
				COPY_PHASE_STRIP = NO;
				DEBUG_INFORMATION_FORMAT = "dwarf-with-dsym";
				ENABLE_NS_ASSERTIONS = NO;
				ENABLE_STRICT_OBJC_MSGSEND = YES;
				GCC_C_LANGUAGE_STANDARD = gnu99;
				GCC_NO_COMMON_BLOCKS = YES;
				GCC_WARN_64_TO_32_BIT_CONVERSION = YES;
				GCC_WARN_ABOUT_RETURN_TYPE = YES_ERROR;
				GCC_WARN_UNDECLARED_SELECTOR = YES;
				GCC_WARN_UNINITIALIZED_AUTOS = YES_AGGRESSIVE;
				GCC_WARN_UNUSED_FUNCTION = YES;
				GCC_WARN_UNUSED_VARIABLE = YES;
				IPHONEOS_DEPLOYMENT_TARGET = 10.0;
				MTL_ENABLE_DEBUG_INFO = NO;
				SDKROOT = iphoneos;
				SWIFT_OPTIMIZATION_LEVEL = "-Owholemodule";
				TARGETED_DEVICE_FAMILY = "1,2";
				VALIDATE_PRODUCT = YES;
			};
			name = Release;
		};
		05F36AF21E0A98A4000E1A97 /* Debug */ = {
			isa = XCBuildConfiguration;
			buildSettings = {
				ASSETCATALOG_COMPILER_APPICON_NAME = AppIcon;
				CLANG_ENABLE_MODULES = YES;
				INFOPLIST_FILE = Socket/Info.plist;
				LD_RUNPATH_SEARCH_PATHS = "$(inherited) @executable_path/Frameworks";
				PRODUCT_BUNDLE_IDENTIFIER = com.lyndonios.com.Socket;
				PRODUCT_NAME = "$(TARGET_NAME)";
				SWIFT_OBJC_BRIDGING_HEADER = "Socket/Socket-Bridging-Header.h";
				SWIFT_OPTIMIZATION_LEVEL = "-Onone";
				SWIFT_VERSION = 3.0;
			};
			name = Debug;
		};
		05F36AF31E0A98A4000E1A97 /* Release */ = {
			isa = XCBuildConfiguration;
			buildSettings = {
				ASSETCATALOG_COMPILER_APPICON_NAME = AppIcon;
				CLANG_ENABLE_MODULES = YES;
				INFOPLIST_FILE = Socket/Info.plist;
				LD_RUNPATH_SEARCH_PATHS = "$(inherited) @executable_path/Frameworks";
				PRODUCT_BUNDLE_IDENTIFIER = com.lyndonios.com.Socket;
				PRODUCT_NAME = "$(TARGET_NAME)";
				SWIFT_OBJC_BRIDGING_HEADER = "Socket/Socket-Bridging-Header.h";
				SWIFT_VERSION = 3.0;
			};
			name = Release;
		};
		05F36AF51E0A98A4000E1A97 /* Debug */ = {
			isa = XCBuildConfiguration;
			buildSettings = {
				ALWAYS_EMBED_SWIFT_STANDARD_LIBRARIES = YES;
				BUNDLE_LOADER = "$(TEST_HOST)";
				INFOPLIST_FILE = SocketTests/Info.plist;
				LD_RUNPATH_SEARCH_PATHS = "$(inherited) @executable_path/Frameworks @loader_path/Frameworks";
				PRODUCT_BUNDLE_IDENTIFIER = com.lyndonios.com.SocketTests;
				PRODUCT_NAME = "$(TARGET_NAME)";
				SWIFT_VERSION = 3.0;
				TEST_HOST = "$(BUILT_PRODUCTS_DIR)/Socket.app/Socket";
			};
			name = Debug;
		};
		05F36AF61E0A98A4000E1A97 /* Release */ = {
			isa = XCBuildConfiguration;
			buildSettings = {
				ALWAYS_EMBED_SWIFT_STANDARD_LIBRARIES = YES;
				BUNDLE_LOADER = "$(TEST_HOST)";
				INFOPLIST_FILE = SocketTests/Info.plist;
				LD_RUNPATH_SEARCH_PATHS = "$(inherited) @executable_path/Frameworks @loader_path/Frameworks";
				PRODUCT_BUNDLE_IDENTIFIER = com.lyndonios.com.SocketTests;
				PRODUCT_NAME = "$(TARGET_NAME)";
				SWIFT_VERSION = 3.0;
				TEST_HOST = "$(BUILT_PRODUCTS_DIR)/Socket.app/Socket";
			};
			name = Release;
		};
/* End XCBuildConfiguration section */

/* Begin XCConfigurationList section */
		05F36ACC1E0A98A4000E1A97 /* Build configuration list for PBXProject "Socket" */ = {
			isa = XCConfigurationList;
			buildConfigurations = (
				05F36AEF1E0A98A4000E1A97 /* Debug */,
				05F36AF01E0A98A4000E1A97 /* Release */,
			);
			defaultConfigurationIsVisible = 0;
			defaultConfigurationName = Release;
		};
		05F36AF11E0A98A4000E1A97 /* Build configuration list for PBXNativeTarget "Socket" */ = {
			isa = XCConfigurationList;
			buildConfigurations = (
				05F36AF21E0A98A4000E1A97 /* Debug */,
				05F36AF31E0A98A4000E1A97 /* Release */,
			);
			defaultConfigurationIsVisible = 0;
		};
		05F36AF41E0A98A4000E1A97 /* Build configuration list for PBXNativeTarget "SocketTests" */ = {
			isa = XCConfigurationList;
			buildConfigurations = (
				05F36AF51E0A98A4000E1A97 /* Debug */,
				05F36AF61E0A98A4000E1A97 /* Release */,
			);
			defaultConfigurationIsVisible = 0;
		};
/* End XCConfigurationList section */

/* Begin XCVersionGroup section */
		05F36ADB1E0A98A4000E1A97 /* Socket.xcdatamodeld */ = {
			isa = XCVersionGroup;
			children = (
				05F36ADC1E0A98A4000E1A97 /* Socket.xcdatamodel */,
			);
			currentVersion = 05F36ADC1E0A98A4000E1A97 /* Socket.xcdatamodel */;
			path = Socket.xcdatamodeld;
			sourceTree = "<group>";
			versionGroupType = wrapper.xcdatamodel;
		};
/* End XCVersionGroup section */
	};
	rootObject = 05F36AC91E0A98A4000E1A97 /* Project object */;
}
